# This file is automatically @generated by Cargo.
# It is not intended for manual editing.
version = 4

[[package]]
name = "pacc-behavior"
version = "5.4.0"
dependencies = [
 "pacc-collector",
]

[[package]]
name = "pacc-collector"
version = "5.4.0"
dependencies = [
 "pacc-platform",
]

[[package]]
name = "pacc-core"
version = "5.4.0"
dependencies = [
 "pacc-behavior",
 "pacc-collector",
 "pacc-engine",
 "pacc-ml",
 "pacc-platform",
 "pacc-stealth",
]

[[package]]
name = "pacc-engine"
version = "5.4.0"
dependencies = [
 "pacc-collector",
]

[[package]]
name = "pacc-linux-client"
version = "5.4.0"
dependencies = [
 "pacc-core",
]

[[package]]
name = "pacc-ml"
version = "5.4.0"
dependencies = [
 "pacc-collector",
]

[[package]]
name = "pacc-platform"
version = "5.4.0"

[[package]]
name = "pacc-stealth"
version = "5.4.0"
dependencies = [
 "pacc-platform",
]
